
Microsoft Visual Studio Solution File, Format Version 12.00
# Visual Studio Version 17
VisualStudioVersion = 17.6.33723.286
MinimumVisualStudioVersion = 10.0.40219.1
Project("{FAE04EC0-301F-11D3-BF4B-00C04F79EFBC}") = "DigitRoll", "src\DigitRoll\DigitRoll.csproj", "{35189BD1-93AA-4C55-BBFC-AEBBC89B8AD5}"
EndProject
Project("{FAE04EC0-301F-11D3-BF4B-00C04F79EFBC}") = "DigitRollExample", "src\Sample\Basic\DigitRollExample.csproj", "{D31F00B4-7ED8-498F-A43D-D0FDF9BC8948}"
EndProject
Project("{FAE04EC0-301F-11D3-BF4B-00C04F79EFBC}") = "DigitRollerMVVM", "src\Sample\DigitRollerMVVM\DigitRollerMVVM.csproj", "{E75A2864-23A6-47B4-9A5D-342A9CBEDE1D}"
EndProject
Global
	GlobalSection(SolutionConfigurationPlatforms) = preSolution
		Debug|Any CPU = Debug|Any CPU
		Release|Any CPU = Release|Any CPU
	EndGlobalSection
	GlobalSection(ProjectConfigurationPlatforms) = postSolution
		{35189BD1-93AA-4C55-BBFC-AEBBC89B8AD5}.Debug|Any CPU.ActiveCfg = Debug|Any CPU
		{35189BD1-93AA-4C55-BBFC-AEBBC89B8AD5}.Debug|Any CPU.Build.0 = Debug|Any CPU
		{35189BD1-93AA-4C55-BBFC-AEBBC89B8AD5}.Release|Any CPU.ActiveCfg = Release|Any CPU
		{35189BD1-93AA-4C55-BBFC-AEBBC89B8AD5}.Release|Any CPU.Build.0 = Release|Any CPU
		{D31F00B4-7ED8-498F-A43D-D0FDF9BC8948}.Debug|Any CPU.ActiveCfg = Debug|Any CPU
		{D31F00B4-7ED8-498F-A43D-D0FDF9BC8948}.Debug|Any CPU.Build.0 = Debug|Any CPU
		{D31F00B4-7ED8-498F-A43D-D0FDF9BC8948}.Release|Any CPU.ActiveCfg = Release|Any CPU
		{D31F00B4-7ED8-498F-A43D-D0FDF9BC8948}.Release|Any CPU.Build.0 = Release|Any CPU
		{E75A2864-23A6-47B4-9A5D-342A9CBEDE1D}.Debug|Any CPU.ActiveCfg = Debug|Any CPU
		{E75A2864-23A6-47B4-9A5D-342A9CBEDE1D}.Debug|Any CPU.Build.0 = Debug|Any CPU
		{E75A2864-23A6-47B4-9A5D-342A9CBEDE1D}.Release|Any CPU.ActiveCfg = Release|Any CPU
		{E75A2864-23A6-47B4-9A5D-342A9CBEDE1D}.Release|Any CPU.Build.0 = Release|Any CPU
	EndGlobalSection
	GlobalSection(SolutionProperties) = preSolution
		HideSolutionNode = FALSE
	EndGlobalSection
	GlobalSection(ExtensibilityGlobals) = postSolution
		SolutionGuid = {F2FB3501-AFD7-476E-842E-A40B0BE8D60C}
	EndGlobalSection
EndGlobal
